// !$*UTF8*$!
{
	archiveVersion = 1;
	classes = {
	};
	objectVersion = 77;
	objects = {

/* Begin PBXContainerItemProxy section */
		1AA25F4D2CC60B1B0041D0C3 /* PBXContainerItemProxy */ = {
			isa = PBXContainerItemProxy;
			containerPortal = 1AA25F342CC60B1A0041D0C3 /* Project object */;
			proxyType = 1;
			remoteGlobalIDString = 1AA25F3B2CC60B1A0041D0C3;
			remoteInfo = SwiftUIAnimation;
		};
		1AA25F572CC60B1B0041D0C3 /* PBXContainerItemProxy */ = {
			isa = PBXContainerItemProxy;
			containerPortal = 1AA25F342CC60B1A0041D0C3 /* Project object */;
			proxyType = 1;
			remoteGlobalIDString = 1AA25F3B2CC60B1A0041D0C3;
			remoteInfo = SwiftUIAnimation;
		};
/* End PBXContainerItemProxy section */

/* Begin PBXFileReference section */
		1AA25F3C2CC60B1A0041D0C3 /* SwiftUIAnimation.app */ = {isa = PBXFileReference; explicitFileType = wrapper.application; includeInIndex = 0; path = SwiftUIAnimation.app; sourceTree = BUILT_PRODUCTS_DIR; };
		1AA25F4C2CC60B1B0041D0C3 /* SwiftUIAnimationTests.xctest */ = {isa = PBXFileReference; explicitFileType = wrapper.cfbundle; includeInIndex = 0; path = SwiftUIAnimationTests.xctest; sourceTree = BUILT_PRODUCTS_DIR; };
		1AA25F562CC60B1B0041D0C3 /* SwiftUIAnimationUITests.xctest */ = {isa = PBXFileReference; explicitFileType = wrapper.cfbundle; includeInIndex = 0; path = SwiftUIAnimationUITests.xctest; sourceTree = BUILT_PRODUCTS_DIR; };
/* End PBXFileReference section */

/* Begin PBXFileSystemSynchronizedRootGroup section */
		1AA25F3E2CC60B1A0041D0C3 /* SwiftUIAnimation */ = {
			isa = PBXFileSystemSynchronizedRootGroup;
			path = SwiftUIAnimation;
			sourceTree = "<group>";
		};
		1AA25F4F2CC60B1B0041D0C3 /* SwiftUIAnimationTests */ = {
			isa = PBXFileSystemSynchronizedRootGroup;
			path = SwiftUIAnimationTests;
			sourceTree = "<group>";
		};
		1AA25F592CC60B1B0041D0C3 /* SwiftUIAnimationUITests */ = {
			isa = PBXFileSystemSynchronizedRootGroup;
			path = SwiftUIAnimationUITests;
			sourceTree = "<group>";
		};
/* End PBXFileSystemSynchronizedRootGroup section */

/* Begin PBXFrameworksBuildPhase section */
		1AA25F392CC60B1A0041D0C3 /* Frameworks */ = {
			isa = PBXFrameworksBuildPhase;
			buildActionMask = 2147483647;
			files = (
			);
			runOnlyForDeploymentPostprocessing = 0;
		};
		1AA25F492CC60B1B0041D0C3 /* Frameworks */ = {
			isa = PBXFrameworksBuildPhase;
			buildActionMask = 2147483647;
			files = (
			);
			runOnlyForDeploymentPostprocessing = 0;
		};
		1AA25F532CC60B1B0041D0C3 /* Frameworks */ = {
			isa = PBXFrameworksBuildPhase;
			buildActionMask = 2147483647;
			files = (
			);
			runOnlyForDeploymentPostprocessing = 0;
		};
/* End PBXFrameworksBuildPhase section */

/* Begin PBXGroup section */
		1AA25F332CC60B1A0041D0C3 = {
			isa = PBXGroup;
			children = (
				1AA25F3E2CC60B1A0041D0C3 /* SwiftUIAnimation */,
				1AA25F4F2CC60B1B0041D0C3 /* SwiftUIAnimationTests */,
				1AA25F592CC60B1B0041D0C3 /* SwiftUIAnimationUITests */,
				1AA25F3D2CC60B1A0041D0C3 /* Products */,
			);
			sourceTree = "<group>";
		};
		1AA25F3D2CC60B1A0041D0C3 /* Products */ = {
			isa = PBXGroup;
			children = (
				1AA25F3C2CC60B1A0041D0C3 /* SwiftUIAnimation.app */,
				1AA25F4C2CC60B1B0041D0C3 /* SwiftUIAnimationTests.xctest */,
				1AA25F562CC60B1B0041D0C3 /* SwiftUIAnimationUITests.xctest */,
			);
			name = Products;
			sourceTree = "<group>";
		};
/* End PBXGroup section */

/* Begin PBXNativeTarget section */
		1AA25F3B2CC60B1A0041D0C3 /* SwiftUIAnimation */ = {
			isa = PBXNativeTarget;
			buildConfigurationList = 1AA25F602CC60B1B0041D0C3 /* Build configuration list for PBXNativeTarget "SwiftUIAnimation" */;
			buildPhases = (
				1AA25F382CC60B1A0041D0C3 /* Sources */,
				1AA25F392CC60B1A0041D0C3 /* Frameworks */,
				1AA25F3A2CC60B1A0041D0C3 /* Resources */,
			);
			buildRules = (
			);
			dependencies = (
			);
			fileSystemSynchronizedGroups = (
				1AA25F3E2CC60B1A0041D0C3 /* SwiftUIAnimation */,
			);
			name = SwiftUIAnimation;
			packageProductDependencies = (
			);
			productName = SwiftUIAnimation;
			productReference = 1AA25F3C2CC60B1A0041D0C3 /* SwiftUIAnimation.app */;
			productType = "com.apple.product-type.application";
		};
		1AA25F4B2CC60B1B0041D0C3 /* SwiftUIAnimationTests */ = {
			isa = PBXNativeTarget;
			buildConfigurationList = 1AA25F632CC60B1B0041D0C3 /* Build configuration list for PBXNativeTarget "SwiftUIAnimationTests" */;
			buildPhases = (
				1AA25F482CC60B1B0041D0C3 /* Sources */,
				1AA25F492CC60B1B0041D0C3 /* Frameworks */,
				1AA25F4A2CC60B1B0041D0C3 /* Resources */,
			);
			buildRules = (
			);
			dependencies = (
				1AA25F4E2CC60B1B0041D0C3 /* PBXTargetDependency */,
			);
			fileSystemSynchronizedGroups = (
				1AA25F4F2CC60B1B0041D0C3 /* SwiftUIAnimationTests */,
			);
			name = SwiftUIAnimationTests;
			packageProductDependencies = (
			);
			productName = SwiftUIAnimationTests;
			productReference = 1AA25F4C2CC60B1B0041D0C3 /* SwiftUIAnimationTests.xctest */;
			productType = "com.apple.product-type.bundle.unit-test";
		};
		1AA25F552CC60B1B0041D0C3 /* SwiftUIAnimationUITests */ = {
			isa = PBXNativeTarget;
			buildConfigurationList = 1AA25F662CC60B1B0041D0C3 /* Build configuration list for PBXNativeTarget "SwiftUIAnimationUITests" */;
			buildPhases = (
				1AA25F522CC60B1B0041D0C3 /* Sources */,
				1AA25F532CC60B1B0041D0C3 /* Frameworks */,
				1AA25F542CC60B1B0041D0C3 /* Resources */,
			);
			buildRules = (
			);
			dependencies = (
				1AA25F582CC60B1B0041D0C3 /* PBXTargetDependency */,
			);
			fileSystemSynchronizedGroups = (
				1AA25F592CC60B1B0041D0C3 /* SwiftUIAnimationUITests */,
			);
			name = SwiftUIAnimationUITests;
			packageProductDependencies = (
			);
			productName = SwiftUIAnimationUITests;
			productReference = 1AA25F562CC60B1B0041D0C3 /* SwiftUIAnimationUITests.xctest */;
			productType = "com.apple.product-type.bundle.ui-testing";
		};
/* End PBXNativeTarget section */

/* Begin PBXProject section */
		1AA25F342CC60B1A0041D0C3 /* Project object */ = {
			isa = PBXProject;
			attributes = {
				BuildIndependentTargetsInParallel = 1;
				LastSwiftUpdateCheck = 1600;
				LastUpgradeCheck = 1600;
				TargetAttributes = {
					1AA25F3B2CC60B1A0041D0C3 = {
						CreatedOnToolsVersion = 16.0;
					};
					1AA25F4B2CC60B1B0041D0C3 = {
						CreatedOnToolsVersion = 16.0;
						TestTargetID = 1AA25F3B2CC60B1A0041D0C3;
					};
					1AA25F552CC60B1B0041D0C3 = {
						CreatedOnToolsVersion = 16.0;
						TestTargetID = 1AA25F3B2CC60B1A0041D0C3;
					};
				};
			};
			buildConfigurationList = 1AA25F372CC60B1A0041D0C3 /* Build configuration list for PBXProject "SwiftUIAnimation" */;
			developmentRegion = en;
			hasScannedForEncodings = 0;
			knownRegions = (
				en,
				Base,
			);
			mainGroup = 1AA25F332CC60B1A0041D0C3;
			minimizedProjectReferenceProxies = 1;
			preferredProjectObjectVersion = 77;
			productRefGroup = 1AA25F3D2CC60B1A0041D0C3 /* Products */;
			projectDirPath = "";
			projectRoot = "";
			targets = (
				1AA25F3B2CC60B1A0041D0C3 /* SwiftUIAnimation */,
				1AA25F4B2CC60B1B0041D0C3 /* SwiftUIAnimationTests */,
				1AA25F552CC60B1B0041D0C3 /* SwiftUIAnimationUITests */,
			);
		};
/* End PBXProject section */

/* Begin PBXResourcesBuildPhase section */
		1AA25F3A2CC60B1A0041D0C3 /* Resources */ = {
			isa = PBXResourcesBuildPhase;
			buildActionMask = 2147483647;
			files = (
			);
			runOnlyForDeploymentPostprocessing = 0;
		};
		1AA25F4A2CC60B1B0041D0C3 /* Resources */ = {
			isa = PBXResourcesBuildPhase;
			buildActionMask = 2147483647;
			files = (
			);
			runOnlyForDeploymentPostprocessing = 0;
		};
		1AA25F542CC60B1B0041D0C3 /* Resources */ = {
			isa = PBXResourcesBuildPhase;
			buildActionMask = 2147483647;
			files = (
			);
			runOnlyForDeploymentPostprocessing = 0;
		};
/* End PBXResourcesBuildPhase section */

/* Begin PBXSourcesBuildPhase section */
		1AA25F382CC60B1A0041D0C3 /* Sources */ = {
			isa = PBXSourcesBuildPhase;
			buildActionMask = 2147483647;
			files = (
			);
			runOnlyForDeploymentPostprocessing = 0;
		};
		1AA25F482CC60B1B0041D0C3 /* Sources */ = {
			isa = PBXSourcesBuildPhase;
			buildActionMask = 2147483647;
			files = (
			);
			runOnlyForDeploymentPostprocessing = 0;
		};
		1AA25F522CC60B1B0041D0C3 /* Sources */ = {
			isa = PBXSourcesBuildPhase;
			buildActionMask = 2147483647;
			files = (
			);
			runOnlyForDeploymentPostprocessing = 0;
		};
/* End PBXSourcesBuildPhase section */

/* Begin PBXTargetDependency section */
		1AA25F4E2CC60B1B0041D0C3 /* PBXTargetDependency */ = {
			isa = PBXTargetDependency;
			target = 1AA25F3B2CC60B1A0041D0C3 /* SwiftUIAnimation */;
			targetProxy = 1AA25F4D2CC60B1B0041D0C3 /* PBXContainerItemProxy */;
		};
		1AA25F582CC60B1B0041D0C3 /* PBXTargetDependency */ = {
			isa = PBXTargetDependency;
			target = 1AA25F3B2CC60B1A0041D0C3 /* SwiftUIAnimation */;
			targetProxy = 1AA25F572CC60B1B0041D0C3 /* PBXContainerItemProxy */;
		};
/* End PBXTargetDependency section */

/* Begin XCBuildConfiguration section */
		1AA25F5E2CC60B1B0041D0C3 /* Debug */ = {
			isa = XCBuildConfiguration;
			buildSettings = {
				ALWAYS_SEARCH_USER_PATHS = NO;
				ASSETCATALOG_COMPILER_GENERATE_SWIFT_ASSET_SYMBOL_EXTENSIONS = YES;
				CLANG_ANALYZER_NONNULL = YES;
				CLANG_ANALYZER_NUMBER_OBJECT_CONVERSION = YES_AGGRESSIVE;
				CLANG_CXX_LANGUAGE_STANDARD = "gnu++20";
				CLANG_ENABLE_MODULES = YES;
				CLANG_ENABLE_OBJC_ARC = YES;
				CLANG_ENABLE_OBJC_WEAK = YES;
				CLANG_WARN_BLOCK_CAPTURE_AUTORELEASING = YES;
				CLANG_WARN_BOOL_CONVERSION = YES;
				CLANG_WARN_COMMA = YES;
				CLANG_WARN_CONSTANT_CONVERSION = YES;
				CLANG_WARN_DEPRECATED_OBJC_IMPLEMENTATIONS = YES;
				CLANG_WARN_DIRECT_OBJC_ISA_USAGE = YES_ERROR;
				CLANG_WARN_DOCUMENTATION_COMMENTS = YES;
				CLANG_WARN_EMPTY_BODY = YES;
				CLANG_WARN_ENUM_CONVERSION = YES;
				CLANG_WARN_INFINITE_RECURSION = YES;
				CLANG_WARN_INT_CONVERSION = YES;
				CLANG_WARN_NON_LITERAL_NULL_CONVERSION = YES;
				CLANG_WARN_OBJC_IMPLICIT_RETAIN_SELF = YES;
				CLANG_WARN_OBJC_LITERAL_CONVERSION = YES;
				CLANG_WARN_OBJC_ROOT_CLASS = YES_ERROR;
				CLANG_WARN_QUOTED_INCLUDE_IN_FRAMEWORK_HEADER = YES;
				CLANG_WARN_RANGE_LOOP_ANALYSIS = YES;
				CLANG_WARN_STRICT_PROTOTYPES = YES;
				CLANG_WARN_SUSPICIOUS_MOVE = YES;
				CLANG_WARN_UNGUARDED_AVAILABILITY = YES_AGGRESSIVE;
				CLANG_WARN_UNREACHABLE_CODE = YES;
				CLANG_WARN__DUPLICATE_METHOD_MATCH = YES;
				COPY_PHASE_STRIP = NO;
				DEBUG_INFORMATION_FORMAT = dwarf;
				ENABLE_STRICT_OBJC_MSGSEND = YES;
				ENABLE_TESTABILITY = YES;
				ENABLE_USER_SCRIPT_SANDBOXING = YES;
				GCC_C_LANGUAGE_STANDARD = gnu17;
				GCC_DYNAMIC_NO_PIC = NO;
				GCC_NO_COMMON_BLOCKS = YES;
				GCC_OPTIMIZATION_LEVEL = 0;
				GCC_PREPROCESSOR_DEFINITIONS = (
					"DEBUG=1",
					"$(inherited)",
				);
				GCC_WARN_64_TO_32_BIT_CONVERSION = YES;
				GCC_WARN_ABOUT_RETURN_TYPE = YES_ERROR;
				GCC_WARN_UNDECLARED_SELECTOR = YES;
				GCC_WARN_UNINITIALIZED_AUTOS = YES_AGGRESSIVE;
				GCC_WARN_UNUSED_FUNCTION = YES;
				GCC_WARN_UNUSED_VARIABLE = YES;
				IPHONEOS_DEPLOYMENT_TARGET = 18.0;
				LOCALIZATION_PREFERS_STRING_CATALOGS = YES;
				MTL_ENABLE_DEBUG_INFO = INCLUDE_SOURCE;
				MTL_FAST_MATH = YES;
				ONLY_ACTIVE_ARCH = YES;
				SDKROOT = iphoneos;
				SWIFT_ACTIVE_COMPILATION_CONDITIONS = "DEBUG $(inherited)";
				SWIFT_OPTIMIZATION_LEVEL = "-Onone";
			};
			name = Debug;
		};
		1AA25F5F2CC60B1B0041D0C3 /* Release */ = {
			isa = XCBuildConfiguration;
			buildSettings = {
				ALWAYS_SEARCH_USER_PATHS = NO;
				ASSETCATALOG_COMPILER_GENERATE_SWIFT_ASSET_SYMBOL_EXTENSIONS = YES;
				CLANG_ANALYZER_NONNULL = YES;
				CLANG_ANALYZER_NUMBER_OBJECT_CONVERSION = YES_AGGRESSIVE;
				CLANG_CXX_LANGUAGE_STANDARD = "gnu++20";
				CLANG_ENABLE_MODULES = YES;
				CLANG_ENABLE_OBJC_ARC = YES;
				CLANG_ENABLE_OBJC_WEAK = YES;
				CLANG_WARN_BLOCK_CAPTURE_AUTORELEASING = YES;
				CLANG_WARN_BOOL_CONVERSION = YES;
				CLANG_WARN_COMMA = YES;
				CLANG_WARN_CONSTANT_CONVERSION = YES;
				CLANG_WARN_DEPRECATED_OBJC_IMPLEMENTATIONS = YES;
				CLANG_WARN_DIRECT_OBJC_ISA_USAGE = YES_ERROR;
				CLANG_WARN_DOCUMENTATION_COMMENTS = YES;
				CLANG_WARN_EMPTY_BODY = YES;
				CLANG_WARN_ENUM_CONVERSION = YES;
				CLANG_WARN_INFINITE_RECURSION = YES;
				CLANG_WARN_INT_CONVERSION = YES;
				CLANG_WARN_NON_LITERAL_NULL_CONVERSION = YES;
				CLANG_WARN_OBJC_IMPLICIT_RETAIN_SELF = YES;
				CLANG_WARN_OBJC_LITERAL_CONVERSION = YES;
				CLANG_WARN_OBJC_ROOT_CLASS = YES_ERROR;
				CLANG_WARN_QUOTED_INCLUDE_IN_FRAMEWORK_HEADER = YES;
				CLANG_WARN_RANGE_LOOP_ANALYSIS = YES;
				CLANG_WARN_STRICT_PROTOTYPES = YES;
				CLANG_WARN_SUSPICIOUS_MOVE = YES;
				CLANG_WARN_UNGUARDED_AVAILABILITY = YES_AGGRESSIVE;
				CLANG_WARN_UNREACHABLE_CODE = YES;
				CLANG_WARN__DUPLICATE_METHOD_MATCH = YES;
				COPY_PHASE_STRIP = NO;
				DEBUG_INFORMATION_FORMAT = "dwarf-with-dsym";
				ENABLE_NS_ASSERTIONS = NO;
				ENABLE_STRICT_OBJC_MSGSEND = YES;
				ENABLE_USER_SCRIPT_SANDBOXING = YES;
				GCC_C_LANGUAGE_STANDARD = gnu17;
				GCC_NO_COMMON_BLOCKS = YES;
				GCC_WARN_64_TO_32_BIT_CONVERSION = YES;
				GCC_WARN_ABOUT_RETURN_TYPE = YES_ERROR;
				GCC_WARN_UNDECLARED_SELECTOR = YES;
				GCC_WARN_UNINITIALIZED_AUTOS = YES_AGGRESSIVE;
				GCC_WARN_UNUSED_FUNCTION = YES;
				GCC_WARN_UNUSED_VARIABLE = YES;
				IPHONEOS_DEPLOYMENT_TARGET = 18.0;
				LOCALIZATION_PREFERS_STRING_CATALOGS = YES;
				MTL_ENABLE_DEBUG_INFO = NO;
				MTL_FAST_MATH = YES;
				SDKROOT = iphoneos;
				SWIFT_COMPILATION_MODE = wholemodule;
				VALIDATE_PRODUCT = YES;
			};
			name = Release;
		};
		1AA25F612CC60B1B0041D0C3 /* Debug */ = {
			isa = XCBuildConfiguration;
			buildSettings = {
				ASSETCATALOG_COMPILER_APPICON_NAME = AppIcon;
				ASSETCATALOG_COMPILER_GLOBAL_ACCENT_COLOR_NAME = AccentColor;
				CODE_SIGN_STYLE = Automatic;
				CURRENT_PROJECT_VERSION = 1;
				DEVELOPMENT_ASSET_PATHS = "\"SwiftUIAnimation/Preview Content\"";
				ENABLE_PREVIEWS = YES;
				GENERATE_INFOPLIST_FILE = YES;
				INFOPLIST_KEY_UIApplicationSceneManifest_Generation = YES;
				INFOPLIST_KEY_UIApplicationSupportsIndirectInputEvents = YES;
				INFOPLIST_KEY_UILaunchScreen_Generation = YES;
				INFOPLIST_KEY_UISupportedInterfaceOrientations_iPad = "UIInterfaceOrientationPortrait UIInterfaceOrientationPortraitUpsideDown UIInterfaceOrientationLandscapeLeft UIInterfaceOrientationLandscapeRight";
				INFOPLIST_KEY_UISupportedInterfaceOrientations_iPhone = "UIInterfaceOrientationPortrait UIInterfaceOrientationLandscapeLeft UIInterfaceOrientationLandscapeRight";
				LD_RUNPATH_SEARCH_PATHS = (
					"$(inherited)",
					"@executable_path/Frameworks",
				);
				MARKETING_VERSION = 1.0;
				PRODUCT_BUNDLE_IDENTIFIER = com.SwiftProgram.SwiftUIAnimation;
				PRODUCT_NAME = "$(TARGET_NAME)";
				SWIFT_EMIT_LOC_STRINGS = YES;
				SWIFT_VERSION = 5.0;
				TARGETED_DEVICE_FAMILY = "1,2";
			};
			name = Debug;
		};
		1AA25F622CC60B1B0041D0C3 /* Release */ = {
			isa = XCBuildConfiguration;
			buildSettings = {
				ASSETCATALOG_COMPILER_APPICON_NAME = AppIcon;
				ASSETCATALOG_COMPILER_GLOBAL_ACCENT_COLOR_NAME = AccentColor;
				CODE_SIGN_STYLE = Automatic;
				CURRENT_PROJECT_VERSION = 1;
				DEVELOPMENT_ASSET_PATHS = "\"SwiftUIAnimation/Preview Content\"";
				ENABLE_PREVIEWS = YES;
				GENERATE_INFOPLIST_FILE = YES;
				INFOPLIST_KEY_UIApplicationSceneManifest_Generation = YES;
				INFOPLIST_KEY_UIApplicationSupportsIndirectInputEvents = YES;
				INFOPLIST_KEY_UILaunchScreen_Generation = YES;
				INFOPLIST_KEY_UISupportedInterfaceOrientations_iPad = "UIInterfaceOrientationPortrait UIInterfaceOrientationPortraitUpsideDown UIInterfaceOrientationLandscapeLeft UIInterfaceOrientationLandscapeRight";
				INFOPLIST_KEY_UISupportedInterfaceOrientations_iPhone = "UIInterfaceOrientationPortrait UIInterfaceOrientationLandscapeLeft UIInterfaceOrientationLandscapeRight";
				LD_RUNPATH_SEARCH_PATHS = (
					"$(inherited)",
					"@executable_path/Frameworks",
				);
				MARKETING_VERSION = 1.0;
				PRODUCT_BUNDLE_IDENTIFIER = com.SwiftProgram.SwiftUIAnimation;
				PRODUCT_NAME = "$(TARGET_NAME)";
				SWIFT_EMIT_LOC_STRINGS = YES;
				SWIFT_VERSION = 5.0;
				TARGETED_DEVICE_FAMILY = "1,2";
			};
			name = Release;
		};
		1AA25F642CC60B1B0041D0C3 /* Debug */ = {
			isa = XCBuildConfiguration;
			buildSettings = {
				BUNDLE_LOADER = "$(TEST_HOST)";
				CODE_SIGN_STYLE = Automatic;
				CURRENT_PROJECT_VERSION = 1;
				GENERATE_INFOPLIST_FILE = YES;
				IPHONEOS_DEPLOYMENT_TARGET = 18.0;
				MARKETING_VERSION = 1.0;
				PRODUCT_BUNDLE_IDENTIFIER = com.SwiftProgram.SwiftUIAnimationTests;
				PRODUCT_NAME = "$(TARGET_NAME)";
				SWIFT_EMIT_LOC_STRINGS = NO;
				SWIFT_VERSION = 5.0;
				TARGETED_DEVICE_FAMILY = "1,2";
				TEST_HOST = "$(BUILT_PRODUCTS_DIR)/SwiftUIAnimation.app/$(BUNDLE_EXECUTABLE_FOLDER_PATH)/SwiftUIAnimation";
			};
			name = Debug;
		};
		1AA25F652CC60B1B0041D0C3 /* Release */ = {
			isa = XCBuildConfiguration;
			buildSettings = {
				BUNDLE_LOADER = "$(TEST_HOST)";
				CODE_SIGN_STYLE = Automatic;
				CURRENT_PROJECT_VERSION = 1;
				GENERATE_INFOPLIST_FILE = YES;
				IPHONEOS_DEPLOYMENT_TARGET = 18.0;
				MARKETING_VERSION = 1.0;
				PRODUCT_BUNDLE_IDENTIFIER = com.SwiftProgram.SwiftUIAnimationTests;
				PRODUCT_NAME = "$(TARGET_NAME)";
				SWIFT_EMIT_LOC_STRINGS = NO;
				SWIFT_VERSION = 5.0;
				TARGETED_DEVICE_FAMILY = "1,2";
				TEST_HOST = "$(BUILT_PRODUCTS_DIR)/SwiftUIAnimation.app/$(BUNDLE_EXECUTABLE_FOLDER_PATH)/SwiftUIAnimation";
			};
			name = Release;
		};
		1AA25F672CC60B1B0041D0C3 /* Debug */ = {
			isa = XCBuildConfiguration;
			buildSettings = {
				CODE_SIGN_STYLE = Automatic;
				CURRENT_PROJECT_VERSION = 1;
				GENERATE_INFOPLIST_FILE = YES;
				MARKETING_VERSION = 1.0;
				PRODUCT_BUNDLE_IDENTIFIER = com.SwiftProgram.SwiftUIAnimationUITests;
				PRODUCT_NAME = "$(TARGET_NAME)";
				SWIFT_EMIT_LOC_STRINGS = NO;
				SWIFT_VERSION = 5.0;
				TARGETED_DEVICE_FAMILY = "1,2";
				TEST_TARGET_NAME = SwiftUIAnimation;
			};
			name = Debug;
		};
		1AA25F682CC60B1B0041D0C3 /* Release */ = {
			isa = XCBuildConfiguration;
			buildSettings = {
				CODE_SIGN_STYLE = Automatic;
				CURRENT_PROJECT_VERSION = 1;
				GENERATE_INFOPLIST_FILE = YES;
				MARKETING_VERSION = 1.0;
				PRODUCT_BUNDLE_IDENTIFIER = com.SwiftProgram.SwiftUIAnimationUITests;
				PRODUCT_NAME = "$(TARGET_NAME)";
				SWIFT_EMIT_LOC_STRINGS = NO;
				SWIFT_VERSION = 5.0;
				TARGETED_DEVICE_FAMILY = "1,2";
				TEST_TARGET_NAME = SwiftUIAnimation;
			};
			name = Release;
		};
/* End XCBuildConfiguration section */

/* Begin XCConfigurationList section */
		1AA25F372CC60B1A0041D0C3 /* Build configuration list for PBXProject "SwiftUIAnimation" */ = {
			isa = XCConfigurationList;
			buildConfigurations = (
				1AA25F5E2CC60B1B0041D0C3 /* Debug */,
				1AA25F5F2CC60B1B0041D0C3 /* Release */,
			);
			defaultConfigurationIsVisible = 0;
			defaultConfigurationName = Release;
		};
		1AA25F602CC60B1B0041D0C3 /* Build configuration list for PBXNativeTarget "SwiftUIAnimation" */ = {
			isa = XCConfigurationList;
			buildConfigurations = (
				1AA25F612CC60B1B0041D0C3 /* Debug */,
				1AA25F622CC60B1B0041D0C3 /* Release */,
			);
			defaultConfigurationIsVisible = 0;
			defaultConfigurationName = Release;
		};
		1AA25F632CC60B1B0041D0C3 /* Build configuration list for PBXNativeTarget "SwiftUIAnimationTests" */ = {
			isa = XCConfigurationList;
			buildConfigurations = (
				1AA25F642CC60B1B0041D0C3 /* Debug */,
				1AA25F652CC60B1B0041D0C3 /* Release */,
			);
			defaultConfigurationIsVisible = 0;
			defaultConfigurationName = Release;
		};
		1AA25F662CC60B1B0041D0C3 /* Build configuration list for PBXNativeTarget "SwiftUIAnimationUITests" */ = {
			isa = XCConfigurationList;
			buildConfigurations = (
				1AA25F672CC60B1B0041D0C3 /* Debug */,
				1AA25F682CC60B1B0041D0C3 /* Release */,
			);
			defaultConfigurationIsVisible = 0;
			defaultConfigurationName = Release;
		};
/* End XCConfigurationList section */
	};
	rootObject = 1AA25F342CC60B1A0041D0C3 /* Project object */;
}
